# THIS IS AN AUTOGENERATED FILE. DO NOT EDIT THIS FILE DIRECTLY.
# yarn lockfile v1


json-fn@^1.1.1:
  version "1.1.1"
  resolved "https://registry.yarnpkg.com/json-fn/-/json-fn-1.1.1.tgz#4293c9198a482d6697d334a6e32cd0d221121e80"

node-fetch@^2.2.0:
  version "2.2.0"
  resolved "https://registry.yarnpkg.com/node-fetch/-/node-fetch-2.2.0.tgz#4ee79bde909262f9775f731e3656d0db55ced5b5"
